
Microsoft Visual Studio Solution File, Format Version 12.00
# Visual Studio Version 17
VisualStudioVersion = 17.4.33110.190
MinimumVisualStudioVersion = 10.0.40219.1
Project("{9A19103F-16F7-4668-BE54-9A1E7A4F7556}") = "PresentationLayer", "PresentationLayer\PresentationLayer.csproj", "{FFEAF438-083C-4154-8258-E64C525EAD17}"
EndProject
Project("{9A19103F-16F7-4668-BE54-9A1E7A4F7556}") = "Lab6.Tests", "Lab6.Tests\Lab6.Tests.csproj", "{3C1F1DA8-3A75-40D1-9833-9020430ACA71}"
EndProject
Project("{9A19103F-16F7-4668-BE54-9A1E7A4F7556}") = "BusinessLayer", "BusinesLogicLayer\BusinessLayer.csproj", "{FE52EF5E-2111-4FF8-8290-E7879BD76B99}"
EndProject
Project("{9A19103F-16F7-4668-BE54-9A1E7A4F7556}") = "DataAccessLayer", "DataAccessLayer\DataAccessLayer.csproj", "{2548BA8D-2FA5-4839-AE30-DABABE0CABEE}"
EndProject
Global
	GlobalSection(SolutionConfigurationPlatforms) = preSolution
		Debug|Any CPU = Debug|Any CPU
		Release|Any CPU = Release|Any CPU
	EndGlobalSection
	GlobalSection(ProjectConfigurationPlatforms) = postSolution
		{FFEAF438-083C-4154-8258-E64C525EAD17}.Debug|Any CPU.ActiveCfg = Debug|Any CPU
		{FFEAF438-083C-4154-8258-E64C525EAD17}.Debug|Any CPU.Build.0 = Debug|Any CPU
		{FFEAF438-083C-4154-8258-E64C525EAD17}.Release|Any CPU.ActiveCfg = Release|Any CPU
		{FFEAF438-083C-4154-8258-E64C525EAD17}.Release|Any CPU.Build.0 = Release|Any CPU
		{3C1F1DA8-3A75-40D1-9833-9020430ACA71}.Debug|Any CPU.ActiveCfg = Debug|Any CPU
		{3C1F1DA8-3A75-40D1-9833-9020430ACA71}.Debug|Any CPU.Build.0 = Debug|Any CPU
		{3C1F1DA8-3A75-40D1-9833-9020430ACA71}.Release|Any CPU.ActiveCfg = Release|Any CPU
		{3C1F1DA8-3A75-40D1-9833-9020430ACA71}.Release|Any CPU.Build.0 = Release|Any CPU
		{FE52EF5E-2111-4FF8-8290-E7879BD76B99}.Debug|Any CPU.ActiveCfg = Debug|Any CPU
		{FE52EF5E-2111-4FF8-8290-E7879BD76B99}.Debug|Any CPU.Build.0 = Debug|Any CPU
		{FE52EF5E-2111-4FF8-8290-E7879BD76B99}.Release|Any CPU.ActiveCfg = Release|Any CPU
		{FE52EF5E-2111-4FF8-8290-E7879BD76B99}.Release|Any CPU.Build.0 = Release|Any CPU
		{2548BA8D-2FA5-4839-AE30-DABABE0CABEE}.Debug|Any CPU.ActiveCfg = Debug|Any CPU
		{2548BA8D-2FA5-4839-AE30-DABABE0CABEE}.Debug|Any CPU.Build.0 = Debug|Any CPU
		{2548BA8D-2FA5-4839-AE30-DABABE0CABEE}.Release|Any CPU.ActiveCfg = Release|Any CPU
		{2548BA8D-2FA5-4839-AE30-DABABE0CABEE}.Release|Any CPU.Build.0 = Release|Any CPU
	EndGlobalSection
	GlobalSection(SolutionProperties) = preSolution
		HideSolutionNode = FALSE
	EndGlobalSection
	GlobalSection(ExtensibilityGlobals) = postSolution
		SolutionGuid = {3297DA2B-4712-4343-A54F-A9A9D6E5B60E}
	EndGlobalSection
EndGlobal
